
Microsoft Visual Studio Solution File, Format Version 12.00
# Visual Studio 15
VisualStudioVersion = 15.0.26730.16
MinimumVisualStudioVersion = 10.0.40219.1
Project("{FAE04EC0-301F-11D3-BF4B-00C04F79EFBC}") = "01-Hello-World", "..\01-Hello-World\01-Hello-World.csproj", "{10611314-75CA-432B-85AA-D4B774EFA30D}"
EndProject
Project("{FAE04EC0-301F-11D3-BF4B-00C04F79EFBC}") = "02-Printing-out-text", "..\02-Printing-out-text\02-Printing-out-text.csproj", "{AD7AB4F3-0AC0-4B88-9ACB-84428CDD94B2}"
EndProject
Project("{FAE04EC0-301F-11D3-BF4B-00C04F79EFBC}") = "04-Parsing-input", "..\04-Parsing-input\04-Parsing-input.csproj", "{3B36F112-F125-416C-9763-6C2431F2CE14}"
EndProject
Project("{FAE04EC0-301F-11D3-BF4B-00C04F79EFBC}") = "05-magic-number", "..\05-magic-number\05-magic-number.csproj", "{C5C9691B-DF36-441D-8650-98369F893CD7}"
EndProject
Global
	GlobalSection(SolutionConfigurationPlatforms) = preSolution
		Debug|Any CPU = Debug|Any CPU
		Release|Any CPU = Release|Any CPU
	EndGlobalSection
	GlobalSection(ProjectConfigurationPlatforms) = postSolution
		{10611314-75CA-432B-85AA-D4B774EFA30D}.Debug|Any CPU.ActiveCfg = Debug|Any CPU
		{10611314-75CA-432B-85AA-D4B774EFA30D}.Debug|Any CPU.Build.0 = Debug|Any CPU
		{10611314-75CA-432B-85AA-D4B774EFA30D}.Release|Any CPU.ActiveCfg = Release|Any CPU
		{10611314-75CA-432B-85AA-D4B774EFA30D}.Release|Any CPU.Build.0 = Release|Any CPU
		{AD7AB4F3-0AC0-4B88-9ACB-84428CDD94B2}.Debug|Any CPU.ActiveCfg = Debug|Any CPU
		{AD7AB4F3-0AC0-4B88-9ACB-84428CDD94B2}.Debug|Any CPU.Build.0 = Debug|Any CPU
		{AD7AB4F3-0AC0-4B88-9ACB-84428CDD94B2}.Release|Any CPU.ActiveCfg = Release|Any CPU
		{AD7AB4F3-0AC0-4B88-9ACB-84428CDD94B2}.Release|Any CPU.Build.0 = Release|Any CPU
		{3B36F112-F125-416C-9763-6C2431F2CE14}.Debug|Any CPU.ActiveCfg = Debug|Any CPU
		{3B36F112-F125-416C-9763-6C2431F2CE14}.Debug|Any CPU.Build.0 = Debug|Any CPU
		{3B36F112-F125-416C-9763-6C2431F2CE14}.Release|Any CPU.ActiveCfg = Release|Any CPU
		{3B36F112-F125-416C-9763-6C2431F2CE14}.Release|Any CPU.Build.0 = Release|Any CPU
		{C5C9691B-DF36-441D-8650-98369F893CD7}.Debug|Any CPU.ActiveCfg = Debug|Any CPU
		{C5C9691B-DF36-441D-8650-98369F893CD7}.Debug|Any CPU.Build.0 = Debug|Any CPU
		{C5C9691B-DF36-441D-8650-98369F893CD7}.Release|Any CPU.ActiveCfg = Release|Any CPU
		{C5C9691B-DF36-441D-8650-98369F893CD7}.Release|Any CPU.Build.0 = Release|Any CPU
	EndGlobalSection
	GlobalSection(SolutionProperties) = preSolution
		HideSolutionNode = FALSE
	EndGlobalSection
	GlobalSection(ExtensibilityGlobals) = postSolution
		SolutionGuid = {0A5BB61A-5005-4F58-87E6-DC5F26829775}
	EndGlobalSection
EndGlobal
